<?xml version="1.0" encoding="UTF-8" standalone="yes" ?>
<CodeBlocks_project_file>
	<FileVersion major="1" minor="6" />
	<Project>
		<Option title="feu" />
		<Option pch_mode="2" />
		<Option compiler="gcc" />
		<Build>
			<Target title="Fire - Debug">
				<Option output="bin/Debug/feu" prefix_auto="1" extension_auto="1" />
				<Option object_output="obj/Debug/" />
				<Option type="1" />
				<Option compiler="gcc" />
				<Option parameters="params/candle.ini" />
				<Compiler>
					<Add option="-g" />
					<Add option="-DRTFLAMES_BUILD" />
					<Add option="-DDEBUG" />
					<Add directory="/usr/include/IL" />
				</Compiler>
				<Linker>
					<Add option="-Wl,-rpath,engine/bin/Debug" />
					<Add library="IL" />
					<Add library="ILUT" />
					<Add directory="engine/bin/Debug" />
				</Linker>
			</Target>
			<Target title="Fire - Release">
				<Option output="bin/Release/feu" prefix_auto="1" extension_auto="1" />
				<Option object_output="obj/Release/" />
				<Option type="1" />
				<Option compiler="gcc" />
				<Compiler>
					<Add option="-march=nocona" />
					<Add option="-fexpensive-optimizations" />
					<Add option="-O2" />
					<Add option="-DRTFLAMES_BUILD" />
					<Add directory="/usr/include/IL" />
				</Compiler>
				<Linker>
					<Add option="-s" />
					<Add option="-Wl,-rpath,engine/bin/Release" />
					<Add library="IL" />
					<Add library="ILUT" />
					<Add directory="engine/bin/Release" />
				</Linker>
			</Target>
			<Target title="Fluids - Debug">
				<Option output="bin/Debug/feu" prefix_auto="1" extension_auto="1" />
				<Option object_output="obj/Debug/" />
				<Option type="1" />
				<Option compiler="gcc" />
				<Compiler>
					<Add option="-g" />
					<Add option="-DRTFLUIDS_BUILD" />
					<Add option="-DDEBUG" />
				</Compiler>
			</Target>
			<Target title="Fluids - Release">
				<Option output="bin/Release/feu" prefix_auto="1" extension_auto="1" />
				<Option object_output="obj/Release/" />
				<Option type="1" />
				<Option compiler="gcc" />
				<Compiler>
					<Add option="-march=nocona" />
					<Add option="-fexpensive-optimizations" />
					<Add option="-O2" />
					<Add option="-DRTFLUIDS_BUILD" />
				</Compiler>
				<Linker>
					<Add option="-s" />
				</Linker>
			</Target>
		</Build>
		<Compiler>
			<Add option="-march=nocona" />
			<Add option="-Wall" />
			<Add option="`wx-config --cxxflags`" />
			<Add option="-DGL_GLEXT_PROTOTYPES" />
			<Add directory="/home/flavien/recherche/git/flames/" />
		</Compiler>
		<ResourceCompiler>
			<Add directory="bin/Debug" />
		</ResourceCompiler>
		<Linker>
			<Add option="`wx-config --libs gl std`" />
			<Add library="GL" />
			<Add library="GLU" />
			<Add library="engine" />
		</Linker>
		<Unit filename="src/CMakeLists.txt">
			<Option target="Fire - Release" />
			<Option target="Fluids - Debug" />
			<Option target="Fluids - Release" />
		</Unit>
		<Unit filename="src/common.hpp" />
		<Unit filename="src/flames.cpp">
			<Option target="Fire - Debug" />
			<Option target="Fire - Release" />
		</Unit>
		<Unit filename="src/flames/DPengine.cpp">
			<Option target="Fire - Debug" />
			<Option target="Fire - Release" />
		</Unit>
		<Unit filename="src/flames/DPengine.hpp">
			<Option target="Fire - Debug" />
			<Option target="Fire - Release" />
		</Unit>
		<Unit filename="src/flames/abstractFires.cpp">
			<Option target="Fire - Debug" />
			<Option target="Fire - Release" />
		</Unit>
		<Unit filename="src/flames/abstractFires.hpp">
			<Option target="Fire - Debug" />
			<Option target="Fire - Release" />
		</Unit>
		<Unit filename="src/flames/abstractFlames.cpp">
			<Option target="Fire - Debug" />
			<Option target="Fire - Release" />
		</Unit>
		<Unit filename="src/flames/abstractFlames.hpp">
			<Option target="Fire - Debug" />
			<Option target="Fire - Release" />
		</Unit>
		<Unit filename="src/flames/cloneFlames.cpp">
			<Option target="Fire - Debug" />
			<Option target="Fire - Release" />
		</Unit>
		<Unit filename="src/flames/cloneFlames.hpp">
			<Option target="Fire - Debug" />
			<Option target="Fire - Release" />
		</Unit>
		<Unit filename="src/flames/flames.hpp">
			<Option target="Fire - Debug" />
			<Option target="Fire - Release" />
		</Unit>
		<Unit filename="src/flames/glowengine.cpp">
			<Option target="Fire - Debug" />
			<Option target="Fire - Release" />
		</Unit>
		<Unit filename="src/flames/glowengine.hpp">
			<Option target="Fire - Debug" />
			<Option target="Fire - Release" />
		</Unit>
		<Unit filename="src/flames/ies.cpp">
			<Option target="Fire - Debug" />
			<Option target="Fire - Release" />
		</Unit>
		<Unit filename="src/flames/ies.hpp">
			<Option target="Fire - Debug" />
			<Option target="Fire - Release" />
		</Unit>
		<Unit filename="src/flames/leadSkeleton.cpp">
			<Option target="Fire - Debug" />
			<Option target="Fire - Release" />
		</Unit>
		<Unit filename="src/flames/leadSkeleton.hpp">
			<Option target="Fire - Debug" />
			<Option target="Fire - Release" />
		</Unit>
		<Unit filename="src/flames/luminary.cpp">
			<Option target="Fire - Debug" />
			<Option target="Fire - Release" />
		</Unit>
		<Unit filename="src/flames/luminary.hpp">
			<Option target="Fire - Debug" />
			<Option target="Fire - Release" />
		</Unit>
		<Unit filename="src/flames/noise.cpp">
			<Option target="Fire - Debug" />
			<Option target="Fire - Release" />
		</Unit>
		<Unit filename="src/flames/noise.hpp">
			<Option target="Fire - Debug" />
			<Option target="Fire - Release" />
		</Unit>
		<Unit filename="src/flames/particle.hpp">
			<Option target="Fire - Debug" />
			<Option target="Fire - Release" />
		</Unit>
		<Unit filename="src/flames/periSkeleton.cpp">
			<Option target="Fire - Debug" />
			<Option target="Fire - Release" />
		</Unit>
		<Unit filename="src/flames/periSkeleton.hpp">
			<Option target="Fire - Debug" />
			<Option target="Fire - Release" />
		</Unit>
		<Unit filename="src/flames/realFires.cpp">
			<Option target="Fire - Debug" />
			<Option target="Fire - Release" />
		</Unit>
		<Unit filename="src/flames/realFires.hpp">
			<Option target="Fire - Debug" />
			<Option target="Fire - Release" />
		</Unit>
		<Unit filename="src/flames/realFlames.cpp">
			<Option target="Fire - Debug" />
			<Option target="Fire - Release" />
		</Unit>
		<Unit filename="src/flames/realFlames.hpp">
			<Option target="Fire - Debug" />
			<Option target="Fire - Release" />
		</Unit>
		<Unit filename="src/flames/skeleton.cpp">
			<Option target="Fire - Debug" />
			<Option target="Fire - Release" />
		</Unit>
		<Unit filename="src/flames/skeleton.hpp">
			<Option target="Fire - Debug" />
			<Option target="Fire - Release" />
		</Unit>
		<Unit filename="src/flames/wick.cpp">
			<Option target="Fire - Debug" />
			<Option target="Fire - Release" />
		</Unit>
		<Unit filename="src/flames/wick.hpp">
			<Option target="Fire - Debug" />
			<Option target="Fire - Release" />
		</Unit>
		<Unit filename="src/fluids.cpp">
			<Option target="Fluids - Debug" />
			<Option target="Fluids - Release" />
		</Unit>
		<Unit filename="src/interface/GLFlameCanvas.cpp">
			<Option target="Fire - Debug" />
			<Option target="Fire - Release" />
		</Unit>
		<Unit filename="src/interface/GLFlameCanvas.hpp">
			<Option target="Fire - Debug" />
			<Option target="Fire - Release" />
		</Unit>
		<Unit filename="src/interface/GLFluidsCanvas.cpp">
			<Option target="Fluids - Debug" />
			<Option target="Fluids - Release" />
		</Unit>
		<Unit filename="src/interface/GLFluidsCanvas.hpp">
			<Option target="Fluids - Debug" />
			<Option target="Fluids - Release" />
		</Unit>
		<Unit filename="src/interface/flamesFrame.cpp">
			<Option target="Fire - Debug" />
			<Option target="Fire - Release" />
		</Unit>
		<Unit filename="src/interface/flamesFrame.hpp">
			<Option target="Fire - Debug" />
			<Option target="Fire - Release" />
		</Unit>
		<Unit filename="src/interface/fluidsFrame.cpp">
			<Option target="Fluids - Debug" />
			<Option target="Fluids - Release" />
		</Unit>
		<Unit filename="src/interface/fluidsFrame.hpp">
			<Option target="Fluids - Debug" />
			<Option target="Fluids - Release" />
		</Unit>
		<Unit filename="src/interface/interface.hpp" />
		<Unit filename="src/interface/luminaryDialog.cpp">
			<Option target="Fire - Debug" />
			<Option target="Fire - Release" />
		</Unit>
		<Unit filename="src/interface/luminaryDialog.hpp">
			<Option target="Fire - Debug" />
			<Option target="Fire - Release" />
		</Unit>
		<Unit filename="src/interface/mainPanels.cpp" />
		<Unit filename="src/interface/mainPanels.hpp" />
		<Unit filename="src/interface/numTextCtrl.cpp" />
		<Unit filename="src/interface/numTextCtrl.hpp" />
		<Unit filename="src/interface/shadowsDialog.cpp">
			<Option target="Fire - Debug" />
			<Option target="Fire - Release" />
		</Unit>
		<Unit filename="src/interface/shadowsDialog.hpp">
			<Option target="Fire - Debug" />
			<Option target="Fire - Release" />
		</Unit>
		<Unit filename="src/interface/solverDialog.cpp">
			<Option target="Fluids - Debug" />
			<Option target="Fluids - Release" />
		</Unit>
		<Unit filename="src/interface/solverDialog.hpp" />
		<Unit filename="src/shaders/ShadowVolumeExtrusion.cg">
			<Option target="&lt;{~None~}&gt;" />
		</Unit>
		<Unit filename="src/shaders/depthPeeling.fp">
			<Option target="Fire - Debug" />
			<Option target="Fire - Release" />
		</Unit>
		<Unit filename="src/shaders/gamma.fp">
			<Option target="&lt;{~None~}&gt;" />
		</Unit>
		<Unit filename="src/shaders/glowShaderX.fp">
			<Option target="&lt;{~None~}&gt;" />
		</Unit>
		<Unit filename="src/shaders/glowShaderY.fp">
			<Option target="&lt;{~None~}&gt;" />
		</Unit>
		<Unit filename="src/shaders/photoSolid.fp">
			<Option target="&lt;{~None~}&gt;" />
		</Unit>
		<Unit filename="src/shaders/photoSolidOnly.fp">
			<Option target="&lt;{~None~}&gt;" />
		</Unit>
		<Unit filename="src/shaders/pixelLighting.fp">
			<Option target="Fire - Debug" />
			<Option target="Fire - Release" />
		</Unit>
		<Unit filename="src/shaders/pixelLighting.vp">
			<Option target="Fire - Debug" />
			<Option target="Fire - Release" />
		</Unit>
		<Unit filename="src/shaders/shadowVolume.vp">
			<Option target="&lt;{~None~}&gt;" />
		</Unit>
		<Unit filename="src/shaders/viewportSizedScaledTex.fp">
			<Option target="Fire - Debug" />
			<Option target="Fire - Release" />
		</Unit>
		<Unit filename="src/shaders/viewportSizedTex.fp">
			<Option target="&lt;{~None~}&gt;" />
		</Unit>
		<Unit filename="src/solvers/CGSSORSolver2D.cpp">
			<Option target="Fluids - Debug" />
			<Option target="Fluids - Release" />
		</Unit>
		<Unit filename="src/solvers/CGSSORSolver2D.hpp">
			<Option target="Fluids - Debug" />
			<Option target="Fluids - Release" />
		</Unit>
		<Unit filename="src/solvers/GCSSORSolver3D-SSE.cpp" />
		<Unit filename="src/solvers/GCSSORSolver3D-SSE.hpp" />
		<Unit filename="src/solvers/GCSSORSolver3D.cpp" />
		<Unit filename="src/solvers/GCSSORSolver3D.hpp" />
		<Unit filename="src/solvers/GSSolver2D.cpp">
			<Option target="Fluids - Debug" />
			<Option target="Fluids - Release" />
		</Unit>
		<Unit filename="src/solvers/GSSolver2D.hpp">
			<Option target="Fluids - Debug" />
			<Option target="Fluids - Release" />
		</Unit>
		<Unit filename="src/solvers/GSSolver3D.cpp" />
		<Unit filename="src/solvers/GSSolver3D.hpp" />
		<Unit filename="src/solvers/HybridSolver3D.cpp" />
		<Unit filename="src/solvers/HybridSolver3D.hpp" />
		<Unit filename="src/solvers/LODField3D.cpp" />
		<Unit filename="src/solvers/LODField3D.hpp" />
		<Unit filename="src/solvers/SSE4.hpp" />
		<Unit filename="src/solvers/benchsolver3D.cpp" />
		<Unit filename="src/solvers/benchsolver3D.hpp">
			<Option target="Fluids - Debug" />
			<Option target="Fluids - Release" />
		</Unit>
		<Unit filename="src/solvers/compResAvgSolver3D.cpp">
			<Option target="Fluids - Debug" />
			<Option target="Fluids - Release" />
		</Unit>
		<Unit filename="src/solvers/compResAvgSolver3D.hpp">
			<Option target="Fluids - Debug" />
			<Option target="Fluids - Release" />
		</Unit>
		<Unit filename="src/solvers/fakeField3D.cpp" />
		<Unit filename="src/solvers/fakeField3D.hpp" />
		<Unit filename="src/solvers/field.cpp" />
		<Unit filename="src/solvers/field.hpp" />
		<Unit filename="src/solvers/field3D.cpp" />
		<Unit filename="src/solvers/field3D.hpp" />
		<Unit filename="src/solvers/fieldThread.cpp">
			<Option target="Fire - Debug" />
			<Option target="Fire - Release" />
		</Unit>
		<Unit filename="src/solvers/fieldThread.hpp" />
		<Unit filename="src/solvers/globalField.cpp">
			<Option target="Fire - Debug" />
			<Option target="Fire - Release" />
		</Unit>
		<Unit filename="src/solvers/globalField.hpp" />
		<Unit filename="src/solvers/logResAvgSolver3D.cpp">
			<Option target="Fluids - Debug" />
			<Option target="Fluids - Release" />
		</Unit>
		<Unit filename="src/solvers/logResAvgSolver3D.hpp" />
		<Unit filename="src/solvers/logResAvgTimeSolver3D.cpp">
			<Option target="Fluids - Debug" />
			<Option target="Fluids - Release" />
		</Unit>
		<Unit filename="src/solvers/logResAvgTimeSolver3D.hpp" />
		<Unit filename="src/solvers/logResSolver3D.cpp">
			<Option target="Fluids - Debug" />
			<Option target="Fluids - Release" />
		</Unit>
		<Unit filename="src/solvers/logResSolver3D.hpp" />
		<Unit filename="src/solvers/realField3D.cpp" />
		<Unit filename="src/solvers/realField3D.hpp" />
		<Unit filename="src/solvers/solver.cpp" />
		<Unit filename="src/solvers/solver.hpp" />
		<Unit filename="src/solvers/solver2D.cpp">
			<Option target="Fluids - Debug" />
			<Option target="Fluids - Release" />
		</Unit>
		<Unit filename="src/solvers/solver2D.hpp">
			<Option target="Fluids - Debug" />
			<Option target="Fluids - Release" />
		</Unit>
		<Unit filename="src/solvers/solver3D.cpp" />
		<Unit filename="src/solvers/solver3D.hpp" />
		<Extensions>
			<AutoVersioning>
				<Scheme minor_max="10" build_max="0" rev_max="0" rev_rand_max="10" build_times_to_increment_minor="100" />
				<Settings autoincrement="1" date_declarations="1" do_auto_increment="0" ask_to_increment="0" language="C++" svn="0" svn_directory="" header_path="version.h" />
				<Changes_Log show_changes_editor="0" app_title="released version %M.%m.%b of %p" changeslog_path="ChangesLog.txt" />
			</AutoVersioning>
			<envvars />
			<code_completion />
			<debugger />
			<lib_finder disable_auto="1" />
		</Extensions>
	</Project>
</CodeBlocks_project_file>
