<?xml version="1.0" encoding="UTF-8" standalone="yes" ?>
<CodeBlocks_project_file>
	<FileVersion major="1" minor="6" />
	<Project>
		<Option title="engine" />
		<Option pch_mode="2" />
		<Option compiler="gcc" />
		<Build>
			<Target title="Debug">
				<Option output="bin/Debug/libengine" prefix_auto="1" extension_auto="1" />
				<Option object_output="obj/Debug/" />
				<Option type="3" />
				<Option compiler="gcc" />
				<Option createDefFile="1" />
				<Option createStaticLib="1" />
				<Compiler>
					<Add option="-g" />
				</Compiler>
				<ExtraCommands>
					<Add after="cp bin/Debug/libengine.so ../bin/Debug/" />
					<Mode after="always" />
				</ExtraCommands>
			</Target>
			<Target title="Release">
				<Option output="bin/Release/libengine" prefix_auto="1" extension_auto="1" />
				<Option object_output="obj/Release/" />
				<Option type="3" />
				<Option compiler="gcc" />
				<Option createDefFile="1" />
				<Option createStaticLib="1" />
				<Compiler>
					<Add option="-march=nocona" />
					<Add option="-fexpensive-optimizations" />
					<Add option="-O2" />
				</Compiler>
				<Linker>
					<Add option="-s" />
				</Linker>
				<ExtraCommands>
					<Add after="cp bin/Release/libengine.so ../bin/Release" />
					<Mode after="always" />
				</ExtraCommands>
			</Target>
		</Build>
		<Compiler>
			<Add option="-Wall" />
			<Add option="-fPIC" />
			<Add option="-DGL_GLEXT_PROTOTYPES" />
			<Add option="-DILUT_USE_OPENGL" />
			<Add directory="/usr/include/IL" />
		</Compiler>
		<Unit filename="Common.hpp" />
		<Unit filename="Init.cpp" />
		<Unit filename="Init.hpp" />
		<Unit filename="Maths/CPoint.cpp" />
		<Unit filename="Maths/CPoint.hpp" />
		<Unit filename="Maths/CQuaternion.hpp" />
		<Unit filename="Maths/CVector.hpp" />
		<Unit filename="Maths/UMatrixFn.cpp" />
		<Unit filename="Maths/UMatrixFn.hpp" />
		<Unit filename="Physics/CEnergy.hpp" />
		<Unit filename="Scene/CBoundingSphere.hpp" />
		<Unit filename="Scene/CCamera.cpp" />
		<Unit filename="Scene/CCamera.hpp" />
		<Unit filename="Scene/CDrawState.hpp" />
		<Unit filename="Scene/CMaterial.cpp" />
		<Unit filename="Scene/CMaterial.hpp" />
		<Unit filename="Scene/CMesh.cpp" />
		<Unit filename="Scene/CMesh.hpp" />
		<Unit filename="Scene/CObject.cpp" />
		<Unit filename="Scene/CObject.hpp" />
		<Unit filename="Scene/CScene.cpp" />
		<Unit filename="Scene/CScene.hpp" />
		<Unit filename="Scene/CSpatialGraph.cpp" />
		<Unit filename="Scene/CSpatialGraph.hpp" />
		<Unit filename="Scene/CTransform.cpp" />
		<Unit filename="Scene/CTransform.hpp" />
		<Unit filename="Scene/Light.cpp" />
		<Unit filename="Scene/Light.hpp" />
		<Unit filename="Scene/Texture.cpp" />
		<Unit filename="Scene/Texture.hpp" />
		<Unit filename="Shading/CGammaFX.cpp" />
		<Unit filename="Shading/CGammaFX.hpp" />
		<Unit filename="Shading/CRenderTarget.cpp" />
		<Unit filename="Shading/CRenderTarget.hpp" />
		<Unit filename="Shading/CRenderer.cpp" />
		<Unit filename="Shading/CRenderer.hpp" />
		<Unit filename="Shading/Glsl.cpp" />
		<Unit filename="Shading/Glsl.hpp" />
		<Unit filename="Shading/IRenderer.cpp" />
		<Unit filename="Shading/IRenderer.hpp" />
		<Unit filename="Shading/Shaders/deferredShadingFP.glsl" />
		<Unit filename="Shading/Shaders/deferredShadingVP.glsl" />
		<Unit filename="Shading/Shaders/lightingFP.glsl" />
		<Unit filename="Shading/Shaders/lightingVP.glsl" />
		<Unit filename="Shading/Shaders/shadowMapFP.glsl" />
		<Unit filename="Shading/Shaders/shadowMapVP.glsl" />
		<Unit filename="Utility/CRefTable.hpp" />
		<Unit filename="Utility/GraphicsFn.cpp" />
		<Unit filename="Utility/GraphicsFn.hpp" />
		<Unit filename="Utility/ISingleton.hpp" />
		<Unit filename="Utility/Macros.hpp" />
		<Unit filename="Utility/Numerable.hpp" />
		<Unit filename="Utility/SmartPtr.hpp" />
		<Unit filename="Utility/UObjImporter.cpp" />
		<Unit filename="Utility/UObjImporter.hpp" />
		<Extensions>
			<AutoVersioning>
				<Scheme minor_max="10" build_max="0" rev_max="0" rev_rand_max="10" build_times_to_increment_minor="100" />
				<Settings autoincrement="1" date_declarations="1" do_auto_increment="0" ask_to_increment="0" language="C++" svn="0" svn_directory="" header_path="version.h" />
				<Changes_Log show_changes_editor="0" app_title="released version %M.%m.%b of %p" changeslog_path="ChangesLog.txt" />
			</AutoVersioning>
			<envvars />
			<code_completion />
			<debugger />
			<lib_finder disable_auto="1" />
		</Extensions>
	</Project>
</CodeBlocks_project_file>
